
Microsoft Visual Studio Solution File, Format Version 12.00
# Visual Studio Version 16
VisualStudioVersion = 16.0.32106.194
MinimumVisualStudioVersion = 10.0.40219.1
Project("{9A19103F-16F7-4668-BE54-9A1E7A4F7556}") = "ProjektiZadatak", "ProjektiZadatak\ProjektiZadatak.csproj", "{6D0A8034-B2A4-4FB0-9825-6E17391FEFF5}"
EndProject
Global
	GlobalSection(SolutionConfigurationPlatforms) = preSolution
		Debug|Any CPU = Debug|Any CPU
		Release|Any CPU = Release|Any CPU
	EndGlobalSection
	GlobalSection(ProjectConfigurationPlatforms) = postSolution
		{6D0A8034-B2A4-4FB0-9825-6E17391FEFF5}.Debug|Any CPU.ActiveCfg = Debug|Any CPU
		{6D0A8034-B2A4-4FB0-9825-6E17391FEFF5}.Debug|Any CPU.Build.0 = Debug|Any CPU
		{6D0A8034-B2A4-4FB0-9825-6E17391FEFF5}.Release|Any CPU.ActiveCfg = Release|Any CPU
		{6D0A8034-B2A4-4FB0-9825-6E17391FEFF5}.Release|Any CPU.Build.0 = Release|Any CPU
	EndGlobalSection
	GlobalSection(SolutionProperties) = preSolution
		HideSolutionNode = FALSE
	EndGlobalSection
	GlobalSection(ExtensibilityGlobals) = postSolution
		SolutionGuid = {FB6AE826-04E6-477A-8C84-EFBD226092DF}
	EndGlobalSection
EndGlobal
